
Microsoft Visual Studio Solution File, Format Version 12.00
Project("{FAE04EC0-301F-11D3-BF4B-00C04F79EFBC}") = "RedditApi", "RedditApi\RedditApi.csproj", "{6B4156A0-CFDB-43B8-8697-AC3ED0947E34}"
EndProject
Project("{FAE04EC0-301F-11D3-BF4B-00C04F79EFBC}") = "Domain", "Domain\Domain.csproj", "{611D3813-4983-48FF-9666-26150F4883DE}"
EndProject
Project("{FAE04EC0-301F-11D3-BF4B-00C04F79EFBC}") = "Application", "Application\Application.csproj", "{43589AF3-0F42-413A-BEC4-5348AB4CCAFF}"
EndProject
Project("{FAE04EC0-301F-11D3-BF4B-00C04F79EFBC}") = "FileData", "FileData\FileData.csproj", "{FC808D92-5F22-40DC-A90A-532E75BEEC1E}"
EndProject
Global
	GlobalSection(SolutionConfigurationPlatforms) = preSolution
		Debug|Any CPU = Debug|Any CPU
		Release|Any CPU = Release|Any CPU
	EndGlobalSection
	GlobalSection(ProjectConfigurationPlatforms) = postSolution
		{6B4156A0-CFDB-43B8-8697-AC3ED0947E34}.Debug|Any CPU.ActiveCfg = Debug|Any CPU
		{6B4156A0-CFDB-43B8-8697-AC3ED0947E34}.Debug|Any CPU.Build.0 = Debug|Any CPU
		{6B4156A0-CFDB-43B8-8697-AC3ED0947E34}.Release|Any CPU.ActiveCfg = Release|Any CPU
		{6B4156A0-CFDB-43B8-8697-AC3ED0947E34}.Release|Any CPU.Build.0 = Release|Any CPU
		{611D3813-4983-48FF-9666-26150F4883DE}.Debug|Any CPU.ActiveCfg = Debug|Any CPU
		{611D3813-4983-48FF-9666-26150F4883DE}.Debug|Any CPU.Build.0 = Debug|Any CPU
		{611D3813-4983-48FF-9666-26150F4883DE}.Release|Any CPU.ActiveCfg = Release|Any CPU
		{611D3813-4983-48FF-9666-26150F4883DE}.Release|Any CPU.Build.0 = Release|Any CPU
		{43589AF3-0F42-413A-BEC4-5348AB4CCAFF}.Debug|Any CPU.ActiveCfg = Debug|Any CPU
		{43589AF3-0F42-413A-BEC4-5348AB4CCAFF}.Debug|Any CPU.Build.0 = Debug|Any CPU
		{43589AF3-0F42-413A-BEC4-5348AB4CCAFF}.Release|Any CPU.ActiveCfg = Release|Any CPU
		{43589AF3-0F42-413A-BEC4-5348AB4CCAFF}.Release|Any CPU.Build.0 = Release|Any CPU
		{FC808D92-5F22-40DC-A90A-532E75BEEC1E}.Debug|Any CPU.ActiveCfg = Debug|Any CPU
		{FC808D92-5F22-40DC-A90A-532E75BEEC1E}.Debug|Any CPU.Build.0 = Debug|Any CPU
		{FC808D92-5F22-40DC-A90A-532E75BEEC1E}.Release|Any CPU.ActiveCfg = Release|Any CPU
		{FC808D92-5F22-40DC-A90A-532E75BEEC1E}.Release|Any CPU.Build.0 = Release|Any CPU
	EndGlobalSection
EndGlobal
